
Microsoft Visual Studio Solution File, Format Version 12.00
# Visual Studio 2012
Project("{FAE04EC0-301F-11D3-BF4B-00C04F79EFBC}") = "ServerToAD", "ServerToAD\ServerToAD.csproj", "{B82714FE-3FFD-437B-9DFE-30F69A6A16F8}"
EndProject
Global
	GlobalSection(SolutionConfigurationPlatforms) = preSolution
		Debug|Any CPU = Debug|Any CPU
		Release|Any CPU = Release|Any CPU
	EndGlobalSection
	GlobalSection(ProjectConfigurationPlatforms) = postSolution
		{B82714FE-3FFD-437B-9DFE-30F69A6A16F8}.Debug|Any CPU.ActiveCfg = Debug|Any CPU
		{B82714FE-3FFD-437B-9DFE-30F69A6A16F8}.Debug|Any CPU.Build.0 = Debug|Any CPU
		{B82714FE-3FFD-437B-9DFE-30F69A6A16F8}.Release|Any CPU.ActiveCfg = Release|Any CPU
		{B82714FE-3FFD-437B-9DFE-30F69A6A16F8}.Release|Any CPU.Build.0 = Release|Any CPU
	EndGlobalSection
	GlobalSection(SolutionProperties) = preSolution
		HideSolutionNode = FALSE
	EndGlobalSection
EndGlobal
